github.com/brutella/dnssd v1.2.14 h1:qLpTnRTm5peo2jA30hqMIbCuWn8x3sFg3e9o9ODOobw=
github.com/brutella/dnssd v1.2.14/go.mod h1:tG4GE8orv6+irE5rdsNgb6MJSxm6cyMUKdC5jmD22gk=
github.com/creack/pty v1.1.24 h1:bJrF4RRfyJnbTJqzRLHzcGaZK1NeM5kTC9jGgovnR1s=
github.com/creack/pty v1.1.24/go.mod h1:08sCNb52WyoAwi2QDyzUCTgcvVFhUzewun7wtTfvcwE=
github.com/davecgh/go-spew v1.1.1 h1:vj9j/u1bqnvCEfJOwUhtlOARqs3+rkHYY13jYWTU97c=
github.com/davecgh/go-spew v1.1.1/go.mod h1:J7Y8YcW2NihsgmVo/mv3lAwl/skON4iLHjSsI+c5H38=
github.com/golang/geo v0.0.0-20180826223333-635502111454 h1:UiKw4ZsXdOM6qRj2nP54DJY6Mp3Vd+aSu1OhPvPR+94=
github.com/golang/geo v0.0.0-20180826223333-635502111454/go.mod h1:vgWZ7cu0fq0KY3PpEHsocXOWJpRtkcbKemU4IUw0M60=
github.com/gordonklaus/portaudio v0.0.0-20250206071425-98a94950218b h1:WEuQWBxelOGHA6z9lABqaMLMrfwVyMdN3UgRLT+YUPo=
github.com/gordonklaus/portaudio v0.0.0-20250206071425-98a94950218b/go.mod h1:esZFQEUwqC+l76f2R8bIWSwXMaPbp79PppwZ1eJhFco=
github.com/jkeiser/iter v0.0.0-20200628201005-c8aa0ae784d1 h1:smvLGU3obGU5kny71BtE/ibR0wIXRUiRFDmSn0Nxz1E=
github.com/jkeiser/iter v0.0.0-20200628201005-c8aa0ae784d1/go.mod h1:fP/NdyhRVOv09PLRbVXrSqHhrfQypdZwgE2L4h2U5C8=
github.com/jochenvg/go-udev v0.0.0-20240801134859-b65ed646224b h1:Pzf7tldbCVqwl3NnOnTamEWdh/rL41fsoYCn2HdHgRA=
github.com/jochenvg/go-udev v0.0.0-20240801134859-b65ed646224b/go.mod h1:IBDUGq30U56w969YNPomhMbRje1GrhUsCh7tHdwgLXA=
github.com/lestrrat-go/envload v0.0.0-20180220234015-a3eb8ddeffcc h1:RKf14vYWi2ttpEmkA4aQ3j4u9dStX2t4M8UM6qqNsG8=
github.com/lestrrat-go/envload v0.0.0-20180220234015-a3eb8ddeffcc/go.mod h1:kopuH9ugFRkIXf3YoqHKyrJ9YfUFsckUU9S7B+XP+is=
github.com/lestrrat-go/strftime v1.1.1 h1:zgf8QCsgj27GlKBy3SU9/8MMgegZ8UCzlCyHYrUF0QU=
github.com/lestrrat-go/strftime v1.1.1/go.mod h1:YDrzHJAODYQ+xxvrn5SG01uFIQAeDTzpxNVppCz7Nmw=
github.com/miekg/dns v1.1.61 h1:nLxbwF3XxhwVSm8g9Dghm9MHPaUZuqhPiGL+675ZmEs=
github.com/miekg/dns v1.1.61/go.mod h1:mnAarhS3nWaW+NVP2wTkYVIZyHNJ098SJZUki3eykwQ=
github.com/pkg/errors v0.9.1 h1:FEBLx1zS214owpjy7qsBeixbURkuhQAwrK5UwLGTwt4=
github.com/pkg/errors v0.9.1/go.mod h1:bwawxfHBFNV+L2hUp1rHADufV3IMtnDRdf1r5NINEl0=
github.com/pkg/term v1.1.0 h1:xIAAdCMh3QIAy+5FrE8Ad8XoDhEU4ufwbaSozViP9kk=
github.com/pkg/term v1.1.0/go.mod h1:E25nymQcrSllhX42Ok8MRm1+hyBdHY0dCeiKZ9jpNGw=
github.com/pmezard/go-difflib v1.0.0 h1:4DBwDE0NGyQoBHbLQYPwSUPoCMWR5BEzIk/f1lZbAQM=
github.com/pmezard/go-difflib v1.0.0/go.mod h1:iKH77koFhYxTK1pcRnkKkqfTogsbg7gZNVY4sRDYZ/4=
github.com/sirupsen/logrus v1.9.4 h1:TsZE7l11zFCLZnZ+teH4Umoq5BhEIfIzfRDZ1Uzql2w=
github.com/sirupsen/logrus v1.9.4/go.mod h1:ftWc9WdOfJ0a92nsE2jF5u5ZwH8Bv2zdeOC42RjbV2g=
github.com/spf13/pflag v1.0.10 h1:4EBh2KAYBwaONj6b2Ye1GiHfwjqyROoF4RwYO+vPwFk=
github.com/spf13/pflag v1.0.10/go.mod h1:McXfInJRrz4CZXVZOBLb0bTZqETkiAhM9Iw0y3An2Bg=
github.com/stretchr/testify v1.11.1 h1:7s2iGBzp5EwR7/aIZr8ao5+dra3wiQyKjjFuvgVKu7U=
github.com/stretchr/testify v1.11.1/go.mod h1:wZwfW3scLgRK+23gO65QZefKpKQRnfz6sD981Nm4B6U=
github.com/tzneal/coordconv v0.1.2 h1:/NHhypAezdfJDxkkZkvUKG/2j8AREmNwcwcsJ+AjbaI=
github.com/tzneal/coordconv v0.1.2/go.mod h1:Do+bbQ+Atbh2PwYWDwFEIJfTIIFShEzIQBt9oRIdTFc=
github.com/vishvananda/netlink v1.2.1-beta.2 h1:Llsql0lnQEbHj0I1OuKyp8otXp0r3q0mPkuhwHfStVs=
github.com/vishvananda/netlink v1.2.1-beta.2/go.mod h1:twkDnbuQxJYemMlGd4JFIcuhgX83tXhKS2B/PRMpOho=
github.com/vishvananda/netns v0.0.0-20200728191858-db3c7e526aae h1:4hwBBUfQCFe3Cym0ZtKyq7L16eZUtYKs+BaHDN6mAns=
github.com/vishvananda/netns v0.0.0-20200728191858-db3c7e526aae/go.mod h1:DD4vA1DwXk04H54A1oHXtwZmA0grkVMdPxx/VGLCah0=
github.com/warthog618/go-gpiocdev v0.9.1 h1:pwHPaqjJfhCipIQl78V+O3l9OKHivdRDdmgXYbmhuCI=
github.com/warthog618/go-gpiocdev v0.9.1/go.mod h1:dN3e3t/S2aSNC+hgigGE/dBW8jE1ONk9bDSEYfoPyl8=
github.com/warthog618/go-gpiosim v0.1.1 h1:MRAEv+T+itmw+3GeIGpQJBfanUVyg0l3JCTwHtwdre4=
github.com/warthog618/go-gpiosim v0.1.1/go.mod h1:YXsnB+I9jdCMY4YAlMSRrlts25ltjmuIsrnoUrBLdqU=
github.com/xylo04/goHamlib v0.0.0-20240309005711-30dd4ae13b38 h1:i4T4cGNmQzrH8jC4y8aCs02sNdTnN4tIXS6s/2JTDr8=
github.com/xylo04/goHamlib v0.0.0-20240309005711-30dd4ae13b38/go.mod h1:5vG7aLrTt+9T+2ob8W5WHCF4WYBPl70GpYvcGxLgfck=
golang.org/x/mod v0.18.0 h1:5+9lSbEzPSdWkH32vYPBwEpX8KwDbM52Ud9xBUvNlb0=
golang.org/x/mod v0.18.0/go.mod h1:hTbmBsO62+eylJbnUtE2MGJUyE7QWk4xUqPFrRgJ+7c=
golang.org/x/net v0.38.0 h1:vRMAPTMaeGqVhG5QyLJHqNDwecKTomGeqbnfZyKlBI8=
golang.org/x/net v0.38.0/go.mod h1:ivrbrMbzFq5J41QOQh0siUuly180yBYtLp+CKbEaFx8=
golang.org/x/sync v0.7.0 h1:YsImfSBoP9QPYL0xyKJPq0gcaJdG3rInoqxTWbfQu9M=
golang.org/x/sync v0.7.0/go.mod h1:Czt+wKu1gCyEFDUtn0jG5QVvpJ6rzVqr5aXyt9drQfk=
golang.org/x/sys v0.0.0-20200217220822-9197077df867/go.mod h1:h1NjWce9XRLGQEsW7wpKNCjG9DtNlClVuFLEZdDNbEs=
golang.org/x/sys v0.0.0-20200728102440-3e129f6d46b1/go.mod h1:h1NjWce9XRLGQEsW7wpKNCjG9DtNlClVuFLEZdDNbEs=
golang.org/x/sys v0.0.0-20200909081042-eff7692f9009/go.mod h1:h1NjWce9XRLGQEsW7wpKNCjG9DtNlClVuFLEZdDNbEs=
golang.org/x/sys v0.31.0 h1:ioabZlmFYtWhL+TRYpcnNlLwhyxaM9kWTDEmfnprqik=
golang.org/x/sys v0.31.0/go.mod h1:BJP2sWEmIv4KK5OTEluFJCKSidICx8ciO85XgH3Ak8k=
golang.org/x/tools v0.22.0 h1:gqSGLZqv+AI9lIQzniJ0nZDRG5GBPsSi+DRNHWNz6yA=
golang.org/x/tools v0.22.0/go.mod h1:aCwcsjqvq7Yqt6TNyX7QMU2enbQ/Gt0bo6krSeEri+c=
gopkg.in/check.v1 v0.0.0-20161208181325-20d25e280405 h1:yhCVgyC4o1eVCa2tZl7eS0r+SDo693bJlVdllGtEeKM=
gopkg.in/check.v1 v0.0.0-20161208181325-20d25e280405/go.mod h1:Co6ibVJAznAaIkqp8huTwlJQCZ016jof/cbN4VW5Yz0=
gopkg.in/yaml.v3 v3.0.1 h1:fxVm/GzAzEWqLHuvctI91KS9hhNmmWOoWu0XTYJS7CA=
gopkg.in/yaml.v3 v3.0.1/go.mod h1:K4uyk7z7BCEPqu6E+C64Yfv1cQ7kz7rIZviUmN+EgEM=
pgregory.net/rapid v1.2.0 h1:keKAYRcjm+e1F0oAuU5F5+YPAWcyxNNRK2wud503Gnk=
pgregory.net/rapid v1.2.0/go.mod h1:PY5XlDGj0+V1FCq0o192FdRhpKHGTRIWBgqjDBTrq04=
